
Microsoft Visual Studio Solution File, Format Version 12.00
# Visual Studio Version 16
VisualStudioVersion = 16.0.30523.141
MinimumVisualStudioVersion = 10.0.40219.1
Project("{FAE04EC0-301F-11D3-BF4B-00C04F79EFBC}") = "FinanceManager", "FinanceManager.csproj", "{F67B7B39-5950-4AA8-9CED-8B0C63987028}"
EndProject
Global
	GlobalSection(SolutionConfigurationPlatforms) = preSolution
		Debug|Any CPU = Debug|Any CPU
		Release|Any CPU = Release|Any CPU
	EndGlobalSection
	GlobalSection(ProjectConfigurationPlatforms) = postSolution
		{F67B7B39-5950-4AA8-9CED-8B0C63987028}.Debug|Any CPU.ActiveCfg = Debug|Any CPU
		{F67B7B39-5950-4AA8-9CED-8B0C63987028}.Debug|Any CPU.Build.0 = Debug|Any CPU
		{F67B7B39-5950-4AA8-9CED-8B0C63987028}.Release|Any CPU.ActiveCfg = Release|Any CPU
		{F67B7B39-5950-4AA8-9CED-8B0C63987028}.Release|Any CPU.Build.0 = Release|Any CPU
	EndGlobalSection
	GlobalSection(SolutionProperties) = preSolution
		HideSolutionNode = FALSE
	EndGlobalSection
	GlobalSection(ExtensibilityGlobals) = postSolution
		SolutionGuid = {649AAE6E-CA63-49C4-B532-B82401BEDC4C}
	EndGlobalSection
EndGlobal
